
Microsoft Visual Studio Solution File, Format Version 12.00
# Visual Studio 14
VisualStudioVersion = 14.0.25420.1
MinimumVisualStudioVersion = 10.0.40219.1
Project("{FAE04EC0-301F-11D3-BF4B-00C04F79EFBC}") = "GeometricsFigureModel", "GeometricsFigure\GeometricsFigureModel.csproj", "{D721F05D-CD58-41E8-A86E-19B6A10B482B}"
EndProject
Project("{FAE04EC0-301F-11D3-BF4B-00C04F79EFBC}") = "GeometricsFigureView", "GeometricsFigureView\GeometricsFigureView.csproj", "{23598C6F-CE82-41FF-828A-21EDA6D97CD0}"
EndProject
Project("{FAE04EC0-301F-11D3-BF4B-00C04F79EFBC}") = "GeometricsFigureConsole", "GeometricsFigureConsole\GeometricsFigureConsole.csproj", "{78DE78F8-5982-49D2-A620-CC7D711D329F}"
EndProject
Global
	GlobalSection(SolutionConfigurationPlatforms) = preSolution
		Debug|Any CPU = Debug|Any CPU
		Release|Any CPU = Release|Any CPU
	EndGlobalSection
	GlobalSection(ProjectConfigurationPlatforms) = postSolution
		{D721F05D-CD58-41E8-A86E-19B6A10B482B}.Debug|Any CPU.ActiveCfg = Debug|Any CPU
		{D721F05D-CD58-41E8-A86E-19B6A10B482B}.Debug|Any CPU.Build.0 = Debug|Any CPU
		{D721F05D-CD58-41E8-A86E-19B6A10B482B}.Release|Any CPU.ActiveCfg = Release|Any CPU
		{D721F05D-CD58-41E8-A86E-19B6A10B482B}.Release|Any CPU.Build.0 = Release|Any CPU
		{23598C6F-CE82-41FF-828A-21EDA6D97CD0}.Debug|Any CPU.ActiveCfg = Debug|Any CPU
		{23598C6F-CE82-41FF-828A-21EDA6D97CD0}.Debug|Any CPU.Build.0 = Debug|Any CPU
		{23598C6F-CE82-41FF-828A-21EDA6D97CD0}.Release|Any CPU.ActiveCfg = Release|Any CPU
		{23598C6F-CE82-41FF-828A-21EDA6D97CD0}.Release|Any CPU.Build.0 = Release|Any CPU
		{78DE78F8-5982-49D2-A620-CC7D711D329F}.Debug|Any CPU.ActiveCfg = Debug|Any CPU
		{78DE78F8-5982-49D2-A620-CC7D711D329F}.Debug|Any CPU.Build.0 = Debug|Any CPU
		{78DE78F8-5982-49D2-A620-CC7D711D329F}.Release|Any CPU.ActiveCfg = Release|Any CPU
		{78DE78F8-5982-49D2-A620-CC7D711D329F}.Release|Any CPU.Build.0 = Release|Any CPU
	EndGlobalSection
	GlobalSection(SolutionProperties) = preSolution
		HideSolutionNode = FALSE
	EndGlobalSection
EndGlobal
